
Microsoft Visual Studio Solution File, Format Version 12.00
# Visual Studio 15
VisualStudioVersion = 15.0.26124.0
MinimumVisualStudioVersion = 15.0.26124.0
Project("{FAE04EC0-301F-11D3-BF4B-00C04F79EFBC}") = "application", "Api.application\application.csproj", "{21481FD7-CE88-4045-B9D0-D1D35C1B76C2}"
EndProject
Project("{FAE04EC0-301F-11D3-BF4B-00C04F79EFBC}") = "Domain", "Api.Domain\Domain.csproj", "{166DC4B6-539B-4B83-9F84-0D5F3FFB7094}"
EndProject
Project("{FAE04EC0-301F-11D3-BF4B-00C04F79EFBC}") = "CrossCutting", "Api.CrossCutting\CrossCutting.csproj", "{B37E29E7-57F4-4711-B275-F9D7EAD7DEEC}"
EndProject
Project("{FAE04EC0-301F-11D3-BF4B-00C04F79EFBC}") = "Data", "Api.Data\Data.csproj", "{3D5F1E7B-46DF-49BA-80FE-63BD7DFD6D0C}"
EndProject
Project("{FAE04EC0-301F-11D3-BF4B-00C04F79EFBC}") = "Service", "Api.Service\Service.csproj", "{9836B306-93F7-47B6-BCFE-38E67B8BFDD9}"
EndProject
Project("{FAE04EC0-301F-11D3-BF4B-00C04F79EFBC}") = "Api.Data.Test", "Api.Data.Test\Api.Data.Test.csproj", "{C4134FB6-95B1-47F8-8CFA-4CCCD0D9EDBB}"
EndProject
Project("{FAE04EC0-301F-11D3-BF4B-00C04F79EFBC}") = "Api.Service.Test", "Api.Service.Test\Api.Service.Test.csproj", "{161065C7-E5E0-4E31-8040-1E2F6C62E3DB}"
EndProject
Project("{FAE04EC0-301F-11D3-BF4B-00C04F79EFBC}") = "Api.Application.Test", "Api.Application.Test\Api.Application.Test.csproj", "{78CD0646-0FCF-456E-B380-BDBF1D47A101}"
EndProject
Project("{FAE04EC0-301F-11D3-BF4B-00C04F79EFBC}") = "Api.Integration.Test", "Api.Integration.Test\Api.Integration.Test.csproj", "{37EE82B3-C208-45E7-9118-B1A368B9680A}"
EndProject
Global
	GlobalSection(SolutionConfigurationPlatforms) = preSolution
		Debug|Any CPU = Debug|Any CPU
		Debug|x64 = Debug|x64
		Debug|x86 = Debug|x86
		Release|Any CPU = Release|Any CPU
		Release|x64 = Release|x64
		Release|x86 = Release|x86
	EndGlobalSection
	GlobalSection(SolutionProperties) = preSolution
		HideSolutionNode = FALSE
	EndGlobalSection
	GlobalSection(ProjectConfigurationPlatforms) = postSolution
		{21481FD7-CE88-4045-B9D0-D1D35C1B76C2}.Debug|Any CPU.ActiveCfg = Debug|Any CPU
		{21481FD7-CE88-4045-B9D0-D1D35C1B76C2}.Debug|Any CPU.Build.0 = Debug|Any CPU
		{21481FD7-CE88-4045-B9D0-D1D35C1B76C2}.Debug|x64.ActiveCfg = Debug|Any CPU
		{21481FD7-CE88-4045-B9D0-D1D35C1B76C2}.Debug|x64.Build.0 = Debug|Any CPU
		{21481FD7-CE88-4045-B9D0-D1D35C1B76C2}.Debug|x86.ActiveCfg = Debug|Any CPU
		{21481FD7-CE88-4045-B9D0-D1D35C1B76C2}.Debug|x86.Build.0 = Debug|Any CPU
		{21481FD7-CE88-4045-B9D0-D1D35C1B76C2}.Release|Any CPU.ActiveCfg = Release|Any CPU
		{21481FD7-CE88-4045-B9D0-D1D35C1B76C2}.Release|Any CPU.Build.0 = Release|Any CPU
		{21481FD7-CE88-4045-B9D0-D1D35C1B76C2}.Release|x64.ActiveCfg = Release|Any CPU
		{21481FD7-CE88-4045-B9D0-D1D35C1B76C2}.Release|x64.Build.0 = Release|Any CPU
		{21481FD7-CE88-4045-B9D0-D1D35C1B76C2}.Release|x86.ActiveCfg = Release|Any CPU
		{21481FD7-CE88-4045-B9D0-D1D35C1B76C2}.Release|x86.Build.0 = Release|Any CPU
		{166DC4B6-539B-4B83-9F84-0D5F3FFB7094}.Debug|Any CPU.ActiveCfg = Debug|Any CPU
		{166DC4B6-539B-4B83-9F84-0D5F3FFB7094}.Debug|Any CPU.Build.0 = Debug|Any CPU
		{166DC4B6-539B-4B83-9F84-0D5F3FFB7094}.Debug|x64.ActiveCfg = Debug|Any CPU
		{166DC4B6-539B-4B83-9F84-0D5F3FFB7094}.Debug|x64.Build.0 = Debug|Any CPU
		{166DC4B6-539B-4B83-9F84-0D5F3FFB7094}.Debug|x86.ActiveCfg = Debug|Any CPU
		{166DC4B6-539B-4B83-9F84-0D5F3FFB7094}.Debug|x86.Build.0 = Debug|Any CPU
		{166DC4B6-539B-4B83-9F84-0D5F3FFB7094}.Release|Any CPU.ActiveCfg = Release|Any CPU
		{166DC4B6-539B-4B83-9F84-0D5F3FFB7094}.Release|Any CPU.Build.0 = Release|Any CPU
		{166DC4B6-539B-4B83-9F84-0D5F3FFB7094}.Release|x64.ActiveCfg = Release|Any CPU
		{166DC4B6-539B-4B83-9F84-0D5F3FFB7094}.Release|x64.Build.0 = Release|Any CPU
		{166DC4B6-539B-4B83-9F84-0D5F3FFB7094}.Release|x86.ActiveCfg = Release|Any CPU
		{166DC4B6-539B-4B83-9F84-0D5F3FFB7094}.Release|x86.Build.0 = Release|Any CPU
		{B37E29E7-57F4-4711-B275-F9D7EAD7DEEC}.Debug|Any CPU.ActiveCfg = Debug|Any CPU
		{B37E29E7-57F4-4711-B275-F9D7EAD7DEEC}.Debug|Any CPU.Build.0 = Debug|Any CPU
		{B37E29E7-57F4-4711-B275-F9D7EAD7DEEC}.Debug|x64.ActiveCfg = Debug|Any CPU
		{B37E29E7-57F4-4711-B275-F9D7EAD7DEEC}.Debug|x64.Build.0 = Debug|Any CPU
		{B37E29E7-57F4-4711-B275-F9D7EAD7DEEC}.Debug|x86.ActiveCfg = Debug|Any CPU
		{B37E29E7-57F4-4711-B275-F9D7EAD7DEEC}.Debug|x86.Build.0 = Debug|Any CPU
		{B37E29E7-57F4-4711-B275-F9D7EAD7DEEC}.Release|Any CPU.ActiveCfg = Release|Any CPU
		{B37E29E7-57F4-4711-B275-F9D7EAD7DEEC}.Release|Any CPU.Build.0 = Release|Any CPU
		{B37E29E7-57F4-4711-B275-F9D7EAD7DEEC}.Release|x64.ActiveCfg = Release|Any CPU
		{B37E29E7-57F4-4711-B275-F9D7EAD7DEEC}.Release|x64.Build.0 = Release|Any CPU
		{B37E29E7-57F4-4711-B275-F9D7EAD7DEEC}.Release|x86.ActiveCfg = Release|Any CPU
		{B37E29E7-57F4-4711-B275-F9D7EAD7DEEC}.Release|x86.Build.0 = Release|Any CPU
		{3D5F1E7B-46DF-49BA-80FE-63BD7DFD6D0C}.Debug|Any CPU.ActiveCfg = Debug|Any CPU
		{3D5F1E7B-46DF-49BA-80FE-63BD7DFD6D0C}.Debug|Any CPU.Build.0 = Debug|Any CPU
		{3D5F1E7B-46DF-49BA-80FE-63BD7DFD6D0C}.Debug|x64.ActiveCfg = Debug|Any CPU
		{3D5F1E7B-46DF-49BA-80FE-63BD7DFD6D0C}.Debug|x64.Build.0 = Debug|Any CPU
		{3D5F1E7B-46DF-49BA-80FE-63BD7DFD6D0C}.Debug|x86.ActiveCfg = Debug|Any CPU
		{3D5F1E7B-46DF-49BA-80FE-63BD7DFD6D0C}.Debug|x86.Build.0 = Debug|Any CPU
		{3D5F1E7B-46DF-49BA-80FE-63BD7DFD6D0C}.Release|Any CPU.ActiveCfg = Release|Any CPU
		{3D5F1E7B-46DF-49BA-80FE-63BD7DFD6D0C}.Release|Any CPU.Build.0 = Release|Any CPU
		{3D5F1E7B-46DF-49BA-80FE-63BD7DFD6D0C}.Release|x64.ActiveCfg = Release|Any CPU
		{3D5F1E7B-46DF-49BA-80FE-63BD7DFD6D0C}.Release|x64.Build.0 = Release|Any CPU
		{3D5F1E7B-46DF-49BA-80FE-63BD7DFD6D0C}.Release|x86.ActiveCfg = Release|Any CPU
		{3D5F1E7B-46DF-49BA-80FE-63BD7DFD6D0C}.Release|x86.Build.0 = Release|Any CPU
		{9836B306-93F7-47B6-BCFE-38E67B8BFDD9}.Debug|Any CPU.ActiveCfg = Debug|Any CPU
		{9836B306-93F7-47B6-BCFE-38E67B8BFDD9}.Debug|Any CPU.Build.0 = Debug|Any CPU
		{9836B306-93F7-47B6-BCFE-38E67B8BFDD9}.Debug|x64.ActiveCfg = Debug|Any CPU
		{9836B306-93F7-47B6-BCFE-38E67B8BFDD9}.Debug|x64.Build.0 = Debug|Any CPU
		{9836B306-93F7-47B6-BCFE-38E67B8BFDD9}.Debug|x86.ActiveCfg = Debug|Any CPU
		{9836B306-93F7-47B6-BCFE-38E67B8BFDD9}.Debug|x86.Build.0 = Debug|Any CPU
		{9836B306-93F7-47B6-BCFE-38E67B8BFDD9}.Release|Any CPU.ActiveCfg = Release|Any CPU
		{9836B306-93F7-47B6-BCFE-38E67B8BFDD9}.Release|Any CPU.Build.0 = Release|Any CPU
		{9836B306-93F7-47B6-BCFE-38E67B8BFDD9}.Release|x64.ActiveCfg = Release|Any CPU
		{9836B306-93F7-47B6-BCFE-38E67B8BFDD9}.Release|x64.Build.0 = Release|Any CPU
		{9836B306-93F7-47B6-BCFE-38E67B8BFDD9}.Release|x86.ActiveCfg = Release|Any CPU
		{9836B306-93F7-47B6-BCFE-38E67B8BFDD9}.Release|x86.Build.0 = Release|Any CPU
		{C4134FB6-95B1-47F8-8CFA-4CCCD0D9EDBB}.Debug|Any CPU.ActiveCfg = Debug|Any CPU
		{C4134FB6-95B1-47F8-8CFA-4CCCD0D9EDBB}.Debug|Any CPU.Build.0 = Debug|Any CPU
		{C4134FB6-95B1-47F8-8CFA-4CCCD0D9EDBB}.Debug|x64.ActiveCfg = Debug|Any CPU
		{C4134FB6-95B1-47F8-8CFA-4CCCD0D9EDBB}.Debug|x64.Build.0 = Debug|Any CPU
		{C4134FB6-95B1-47F8-8CFA-4CCCD0D9EDBB}.Debug|x86.ActiveCfg = Debug|Any CPU
		{C4134FB6-95B1-47F8-8CFA-4CCCD0D9EDBB}.Debug|x86.Build.0 = Debug|Any CPU
		{C4134FB6-95B1-47F8-8CFA-4CCCD0D9EDBB}.Release|Any CPU.ActiveCfg = Release|Any CPU
		{C4134FB6-95B1-47F8-8CFA-4CCCD0D9EDBB}.Release|Any CPU.Build.0 = Release|Any CPU
		{C4134FB6-95B1-47F8-8CFA-4CCCD0D9EDBB}.Release|x64.ActiveCfg = Release|Any CPU
		{C4134FB6-95B1-47F8-8CFA-4CCCD0D9EDBB}.Release|x64.Build.0 = Release|Any CPU
		{C4134FB6-95B1-47F8-8CFA-4CCCD0D9EDBB}.Release|x86.ActiveCfg = Release|Any CPU
		{C4134FB6-95B1-47F8-8CFA-4CCCD0D9EDBB}.Release|x86.Build.0 = Release|Any CPU
		{161065C7-E5E0-4E31-8040-1E2F6C62E3DB}.Debug|Any CPU.ActiveCfg = Debug|Any CPU
		{161065C7-E5E0-4E31-8040-1E2F6C62E3DB}.Debug|Any CPU.Build.0 = Debug|Any CPU
		{161065C7-E5E0-4E31-8040-1E2F6C62E3DB}.Debug|x64.ActiveCfg = Debug|Any CPU
		{161065C7-E5E0-4E31-8040-1E2F6C62E3DB}.Debug|x64.Build.0 = Debug|Any CPU
		{161065C7-E5E0-4E31-8040-1E2F6C62E3DB}.Debug|x86.ActiveCfg = Debug|Any CPU
		{161065C7-E5E0-4E31-8040-1E2F6C62E3DB}.Debug|x86.Build.0 = Debug|Any CPU
		{161065C7-E5E0-4E31-8040-1E2F6C62E3DB}.Release|Any CPU.ActiveCfg = Release|Any CPU
		{161065C7-E5E0-4E31-8040-1E2F6C62E3DB}.Release|Any CPU.Build.0 = Release|Any CPU
		{161065C7-E5E0-4E31-8040-1E2F6C62E3DB}.Release|x64.ActiveCfg = Release|Any CPU
		{161065C7-E5E0-4E31-8040-1E2F6C62E3DB}.Release|x64.Build.0 = Release|Any CPU
		{161065C7-E5E0-4E31-8040-1E2F6C62E3DB}.Release|x86.ActiveCfg = Release|Any CPU
		{161065C7-E5E0-4E31-8040-1E2F6C62E3DB}.Release|x86.Build.0 = Release|Any CPU
		{78CD0646-0FCF-456E-B380-BDBF1D47A101}.Debug|Any CPU.ActiveCfg = Debug|Any CPU
		{78CD0646-0FCF-456E-B380-BDBF1D47A101}.Debug|Any CPU.Build.0 = Debug|Any CPU
		{78CD0646-0FCF-456E-B380-BDBF1D47A101}.Debug|x64.ActiveCfg = Debug|Any CPU
		{78CD0646-0FCF-456E-B380-BDBF1D47A101}.Debug|x64.Build.0 = Debug|Any CPU
		{78CD0646-0FCF-456E-B380-BDBF1D47A101}.Debug|x86.ActiveCfg = Debug|Any CPU
		{78CD0646-0FCF-456E-B380-BDBF1D47A101}.Debug|x86.Build.0 = Debug|Any CPU
		{78CD0646-0FCF-456E-B380-BDBF1D47A101}.Release|Any CPU.ActiveCfg = Release|Any CPU
		{78CD0646-0FCF-456E-B380-BDBF1D47A101}.Release|Any CPU.Build.0 = Release|Any CPU
		{78CD0646-0FCF-456E-B380-BDBF1D47A101}.Release|x64.ActiveCfg = Release|Any CPU
		{78CD0646-0FCF-456E-B380-BDBF1D47A101}.Release|x64.Build.0 = Release|Any CPU
		{78CD0646-0FCF-456E-B380-BDBF1D47A101}.Release|x86.ActiveCfg = Release|Any CPU
		{78CD0646-0FCF-456E-B380-BDBF1D47A101}.Release|x86.Build.0 = Release|Any CPU
		{37EE82B3-C208-45E7-9118-B1A368B9680A}.Debug|Any CPU.ActiveCfg = Debug|Any CPU
		{37EE82B3-C208-45E7-9118-B1A368B9680A}.Debug|Any CPU.Build.0 = Debug|Any CPU
		{37EE82B3-C208-45E7-9118-B1A368B9680A}.Debug|x64.ActiveCfg = Debug|Any CPU
		{37EE82B3-C208-45E7-9118-B1A368B9680A}.Debug|x64.Build.0 = Debug|Any CPU
		{37EE82B3-C208-45E7-9118-B1A368B9680A}.Debug|x86.ActiveCfg = Debug|Any CPU
		{37EE82B3-C208-45E7-9118-B1A368B9680A}.Debug|x86.Build.0 = Debug|Any CPU
		{37EE82B3-C208-45E7-9118-B1A368B9680A}.Release|Any CPU.ActiveCfg = Release|Any CPU
		{37EE82B3-C208-45E7-9118-B1A368B9680A}.Release|Any CPU.Build.0 = Release|Any CPU
		{37EE82B3-C208-45E7-9118-B1A368B9680A}.Release|x64.ActiveCfg = Release|Any CPU
		{37EE82B3-C208-45E7-9118-B1A368B9680A}.Release|x64.Build.0 = Release|Any CPU
		{37EE82B3-C208-45E7-9118-B1A368B9680A}.Release|x86.ActiveCfg = Release|Any CPU
		{37EE82B3-C208-45E7-9118-B1A368B9680A}.Release|x86.Build.0 = Release|Any CPU
	EndGlobalSection
EndGlobal
